// !$*UTF8*$!
{
	archiveVersion = 1;
	classes = {
	};
	objectVersion = 56;
	objects = {

/* Begin PBXBuildFile section */
		88AD422B2D9C4B890093C03B /* AppDelegate.swift in Sources */ = {isa = PBXBuildFile; fileRef = 88AD422A2D9C4B890093C03B /* AppDelegate.swift */; };
		88AD422D2D9C4B890093C03B /* SceneDelegate.swift in Sources */ = {isa = PBXBuildFile; fileRef = 88AD422C2D9C4B890093C03B /* SceneDelegate.swift */; };
		88AD422F2D9C4B890093C03B /* ViewController.swift in Sources */ = {isa = PBXBuildFile; fileRef = 88AD422E2D9C4B890093C03B /* ViewController.swift */; };
		88AD42322D9C4B890093C03B /* Base in Resources */ = {isa = PBXBuildFile; fileRef = 88AD42312D9C4B890093C03B /* Base */; };
		88AD42342D9C4B8A0093C03B /* Assets.xcassets in Resources */ = {isa = PBXBuildFile; fileRef = 88AD42332D9C4B8A0093C03B /* Assets.xcassets */; };
		88AD42372D9C4B8A0093C03B /* Base in Resources */ = {isa = PBXBuildFile; fileRef = 88AD42362D9C4B8A0093C03B /* Base */; };
		88AD423F2D9C52F40093C03B /* QuestionBankViewController.swift in Sources */ = {isa = PBXBuildFile; fileRef = 88AD423E2D9C52F40093C03B /* QuestionBankViewController.swift */; };
		88AD42402D9C5E2F0093C03B /* Main.storyboard in Resources */ = {isa = PBXBuildFile; fileRef = 88AD42302D9C4B890093C03B /* Main.storyboard */; };
		88AD42422D9C5EB00093C03B /* QuestionBuilderViewController.swift in Sources */ = {isa = PBXBuildFile; fileRef = 88AD42412D9C5EB00093C03B /* QuestionBuilderViewController.swift */; };
		88AD42442D9C62340093C03B /* Question.swift in Sources */ = {isa = PBXBuildFile; fileRef = 88AD42432D9C62340093C03B /* Question.swift */; };
		88AD42462D9C66000093C03B /* MyQuizViewController.swift in Sources */ = {isa = PBXBuildFile; fileRef = 88AD42452D9C66000093C03B /* MyQuizViewController.swift */; };
		88AD42482D9C69260093C03B /* ResultViewController.swift in Sources */ = {isa = PBXBuildFile; fileRef = 88AD42472D9C69260093C03B /* ResultViewController.swift */; };
/* End PBXBuildFile section */

/* Begin PBXFileReference section */
		88AD42272D9C4B890093C03B /* Quiz App.app */ = {isa = PBXFileReference; explicitFileType = wrapper.application; includeInIndex = 0; path = "Quiz App.app"; sourceTree = BUILT_PRODUCTS_DIR; };
		88AD422A2D9C4B890093C03B /* AppDelegate.swift */ = {isa = PBXFileReference; lastKnownFileType = sourcecode.swift; path = AppDelegate.swift; sourceTree = "<group>"; };
		88AD422C2D9C4B890093C03B /* SceneDelegate.swift */ = {isa = PBXFileReference; lastKnownFileType = sourcecode.swift; path = SceneDelegate.swift; sourceTree = "<group>"; };
		88AD422E2D9C4B890093C03B /* ViewController.swift */ = {isa = PBXFileReference; lastKnownFileType = sourcecode.swift; path = ViewController.swift; sourceTree = "<group>"; };
		88AD42312D9C4B890093C03B /* Base */ = {isa = PBXFileReference; lastKnownFileType = file.storyboard; name = Base; path = Base.lproj/Main.storyboard; sourceTree = "<group>"; };
		88AD42332D9C4B8A0093C03B /* Assets.xcassets */ = {isa = PBXFileReference; lastKnownFileType = folder.assetcatalog; path = Assets.xcassets; sourceTree = "<group>"; };
		88AD42362D9C4B8A0093C03B /* Base */ = {isa = PBXFileReference; lastKnownFileType = file.storyboard; name = Base; path = Base.lproj/LaunchScreen.storyboard; sourceTree = "<group>"; };
		88AD42382D9C4B8A0093C03B /* Info.plist */ = {isa = PBXFileReference; lastKnownFileType = text.plist.xml; path = Info.plist; sourceTree = "<group>"; };
		88AD423E2D9C52F40093C03B /* QuestionBankViewController.swift */ = {isa = PBXFileReference; lastKnownFileType = sourcecode.swift; path = QuestionBankViewController.swift; sourceTree = "<group>"; };
		88AD42412D9C5EB00093C03B /* QuestionBuilderViewController.swift */ = {isa = PBXFileReference; lastKnownFileType = sourcecode.swift; path = QuestionBuilderViewController.swift; sourceTree = "<group>"; };
		88AD42432D9C62340093C03B /* Question.swift */ = {isa = PBXFileReference; lastKnownFileType = sourcecode.swift; path = Question.swift; sourceTree = "<group>"; };
		88AD42452D9C66000093C03B /* MyQuizViewController.swift */ = {isa = PBXFileReference; lastKnownFileType = sourcecode.swift; path = MyQuizViewController.swift; sourceTree = "<group>"; };
		88AD42472D9C69260093C03B /* ResultViewController.swift */ = {isa = PBXFileReference; lastKnownFileType = sourcecode.swift; path = ResultViewController.swift; sourceTree = "<group>"; };
/* End PBXFileReference section */

/* Begin PBXFrameworksBuildPhase section */
		88AD42242D9C4B890093C03B /* Frameworks */ = {
			isa = PBXFrameworksBuildPhase;
			buildActionMask = 2147483647;
			files = (
			);
			runOnlyForDeploymentPostprocessing = 0;
		};
/* End PBXFrameworksBuildPhase section */

/* Begin PBXGroup section */
		88AD421E2D9C4B890093C03B = {
			isa = PBXGroup;
			children = (
				88AD42292D9C4B890093C03B /* Quiz App */,
				88AD42282D9C4B890093C03B /* Products */,
			);
			sourceTree = "<group>";
		};
		88AD42282D9C4B890093C03B /* Products */ = {
			isa = PBXGroup;
			children = (
				88AD42272D9C4B890093C03B /* Quiz App.app */,
			);
			name = Products;
			sourceTree = "<group>";
		};
		88AD42292D9C4B890093C03B /* Quiz App */ = {
			isa = PBXGroup;
			children = (
				88AD422A2D9C4B890093C03B /* AppDelegate.swift */,
				88AD422C2D9C4B890093C03B /* SceneDelegate.swift */,
				88AD422E2D9C4B890093C03B /* ViewController.swift */,
				88AD42302D9C4B890093C03B /* Main.storyboard */,
				88AD42332D9C4B8A0093C03B /* Assets.xcassets */,
				88AD42352D9C4B8A0093C03B /* LaunchScreen.storyboard */,
				88AD42382D9C4B8A0093C03B /* Info.plist */,
				88AD423E2D9C52F40093C03B /* QuestionBankViewController.swift */,
				88AD42412D9C5EB00093C03B /* QuestionBuilderViewController.swift */,
				88AD42432D9C62340093C03B /* Question.swift */,
				88AD42452D9C66000093C03B /* MyQuizViewController.swift */,
				88AD42472D9C69260093C03B /* ResultViewController.swift */,
			);
			path = "Quiz App";
			sourceTree = "<group>";
		};
/* End PBXGroup section */

/* Begin PBXNativeTarget section */
		88AD42262D9C4B890093C03B /* Quiz App */ = {
			isa = PBXNativeTarget;
			buildConfigurationList = 88AD423B2D9C4B8A0093C03B /* Build configuration list for PBXNativeTarget "Quiz App" */;
			buildPhases = (
				88AD42232D9C4B890093C03B /* Sources */,
				88AD42242D9C4B890093C03B /* Frameworks */,
				88AD42252D9C4B890093C03B /* Resources */,
			);
			buildRules = (
			);
			dependencies = (
			);
			name = "Quiz App";
			productName = "Quiz App";
			productReference = 88AD42272D9C4B890093C03B /* Quiz App.app */;
			productType = "com.apple.product-type.application";
		};
/* End PBXNativeTarget section */

/* Begin PBXProject section */
		88AD421F2D9C4B890093C03B /* Project object */ = {
			isa = PBXProject;
			attributes = {
				BuildIndependentTargetsInParallel = 1;
				LastSwiftUpdateCheck = 1540;
				LastUpgradeCheck = 1540;
				TargetAttributes = {
					88AD42262D9C4B890093C03B = {
						CreatedOnToolsVersion = 15.4;
					};
				};
			};
			buildConfigurationList = 88AD42222D9C4B890093C03B /* Build configuration list for PBXProject "Quiz App" */;
			compatibilityVersion = "Xcode 14.0";
			developmentRegion = en;
			hasScannedForEncodings = 0;
			knownRegions = (
				en,
				Base,
			);
			mainGroup = 88AD421E2D9C4B890093C03B;
			productRefGroup = 88AD42282D9C4B890093C03B /* Products */;
			projectDirPath = "";
			projectRoot = "";
			targets = (
				88AD42262D9C4B890093C03B /* Quiz App */,
			);
		};
/* End PBXProject section */

/* Begin PBXResourcesBuildPhase section */
		88AD42252D9C4B890093C03B /* Resources */ = {
			isa = PBXResourcesBuildPhase;
			buildActionMask = 2147483647;
			files = (
				88AD42342D9C4B8A0093C03B /* Assets.xcassets in Resources */,
				88AD42372D9C4B8A0093C03B /* Base in Resources */,
				88AD42322D9C4B890093C03B /* Base in Resources */,
				88AD42402D9C5E2F0093C03B /* Main.storyboard in Resources */,
			);
			runOnlyForDeploymentPostprocessing = 0;
		};
/* End PBXResourcesBuildPhase section */

/* Begin PBXSourcesBuildPhase section */
		88AD42232D9C4B890093C03B /* Sources */ = {
			isa = PBXSourcesBuildPhase;
			buildActionMask = 2147483647;
			files = (
				88AD423F2D9C52F40093C03B /* QuestionBankViewController.swift in Sources */,
				88AD42462D9C66000093C03B /* MyQuizViewController.swift in Sources */,
				88AD422F2D9C4B890093C03B /* ViewController.swift in Sources */,
				88AD42482D9C69260093C03B /* ResultViewController.swift in Sources */,
				88AD422B2D9C4B890093C03B /* AppDelegate.swift in Sources */,
				88AD42442D9C62340093C03B /* Question.swift in Sources */,
				88AD42422D9C5EB00093C03B /* QuestionBuilderViewController.swift in Sources */,
				88AD422D2D9C4B890093C03B /* SceneDelegate.swift in Sources */,
			);
			runOnlyForDeploymentPostprocessing = 0;
		};
/* End PBXSourcesBuildPhase section */

/* Begin PBXVariantGroup section */
		88AD42302D9C4B890093C03B /* Main.storyboard */ = {
			isa = PBXVariantGroup;
			children = (
				88AD42312D9C4B890093C03B /* Base */,
			);
			name = Main.storyboard;
			sourceTree = "<group>";
		};
		88AD42352D9C4B8A0093C03B /* LaunchScreen.storyboard */ = {
			isa = PBXVariantGroup;
			children = (
				88AD42362D9C4B8A0093C03B /* Base */,
			);
			name = LaunchScreen.storyboard;
			sourceTree = "<group>";
		};
/* End PBXVariantGroup section */

/* Begin XCBuildConfiguration section */
		88AD42392D9C4B8A0093C03B /* Debug */ = {
			isa = XCBuildConfiguration;
			buildSettings = {
				ALWAYS_SEARCH_USER_PATHS = NO;
				ASSETCATALOG_COMPILER_GENERATE_SWIFT_ASSET_SYMBOL_EXTENSIONS = YES;
				CLANG_ANALYZER_NONNULL = YES;
				CLANG_ANALYZER_NUMBER_OBJECT_CONVERSION = YES_AGGRESSIVE;
				CLANG_CXX_LANGUAGE_STANDARD = "gnu++20";
				CLANG_ENABLE_MODULES = YES;
				CLANG_ENABLE_OBJC_ARC = YES;
				CLANG_ENABLE_OBJC_WEAK = YES;
				CLANG_WARN_BLOCK_CAPTURE_AUTORELEASING = YES;
				CLANG_WARN_BOOL_CONVERSION = YES;
				CLANG_WARN_COMMA = YES;
				CLANG_WARN_CONSTANT_CONVERSION = YES;
				CLANG_WARN_DEPRECATED_OBJC_IMPLEMENTATIONS = YES;
				CLANG_WARN_DIRECT_OBJC_ISA_USAGE = YES_ERROR;
				CLANG_WARN_DOCUMENTATION_COMMENTS = YES;
				CLANG_WARN_EMPTY_BODY = YES;
				CLANG_WARN_ENUM_CONVERSION = YES;
				CLANG_WARN_INFINITE_RECURSION = YES;
				CLANG_WARN_INT_CONVERSION = YES;
				CLANG_WARN_NON_LITERAL_NULL_CONVERSION = YES;
				CLANG_WARN_OBJC_IMPLICIT_RETAIN_SELF = YES;
				CLANG_WARN_OBJC_LITERAL_CONVERSION = YES;
				CLANG_WARN_OBJC_ROOT_CLASS = YES_ERROR;
				CLANG_WARN_QUOTED_INCLUDE_IN_FRAMEWORK_HEADER = YES;
				CLANG_WARN_RANGE_LOOP_ANALYSIS = YES;
				CLANG_WARN_STRICT_PROTOTYPES = YES;
				CLANG_WARN_SUSPICIOUS_MOVE = YES;
				CLANG_WARN_UNGUARDED_AVAILABILITY = YES_AGGRESSIVE;
				CLANG_WARN_UNREACHABLE_CODE = YES;
				CLANG_WARN__DUPLICATE_METHOD_MATCH = YES;
				COPY_PHASE_STRIP = NO;
				DEBUG_INFORMATION_FORMAT = dwarf;
				ENABLE_STRICT_OBJC_MSGSEND = YES;
				ENABLE_TESTABILITY = YES;
				ENABLE_USER_SCRIPT_SANDBOXING = YES;
				GCC_C_LANGUAGE_STANDARD = gnu17;
				GCC_DYNAMIC_NO_PIC = NO;
				GCC_NO_COMMON_BLOCKS = YES;
				GCC_OPTIMIZATION_LEVEL = 0;
				GCC_PREPROCESSOR_DEFINITIONS = (
					"DEBUG=1",
					"$(inherited)",
				);
				GCC_WARN_64_TO_32_BIT_CONVERSION = YES;
				GCC_WARN_ABOUT_RETURN_TYPE = YES_ERROR;
				GCC_WARN_UNDECLARED_SELECTOR = YES;
				GCC_WARN_UNINITIALIZED_AUTOS = YES_AGGRESSIVE;
				GCC_WARN_UNUSED_FUNCTION = YES;
				GCC_WARN_UNUSED_VARIABLE = YES;
				IPHONEOS_DEPLOYMENT_TARGET = 17.5;
				LOCALIZATION_PREFERS_STRING_CATALOGS = YES;
				MTL_ENABLE_DEBUG_INFO = INCLUDE_SOURCE;
				MTL_FAST_MATH = YES;
				ONLY_ACTIVE_ARCH = YES;
				SDKROOT = iphoneos;
				SWIFT_ACTIVE_COMPILATION_CONDITIONS = "DEBUG $(inherited)";
				SWIFT_OPTIMIZATION_LEVEL = "-Onone";
			};
			name = Debug;
		};
		88AD423A2D9C4B8A0093C03B /* Release */ = {
			isa = XCBuildConfiguration;
			buildSettings = {
				ALWAYS_SEARCH_USER_PATHS = NO;
				ASSETCATALOG_COMPILER_GENERATE_SWIFT_ASSET_SYMBOL_EXTENSIONS = YES;
				CLANG_ANALYZER_NONNULL = YES;
				CLANG_ANALYZER_NUMBER_OBJECT_CONVERSION = YES_AGGRESSIVE;
				CLANG_CXX_LANGUAGE_STANDARD = "gnu++20";
				CLANG_ENABLE_MODULES = YES;
				CLANG_ENABLE_OBJC_ARC = YES;
				CLANG_ENABLE_OBJC_WEAK = YES;
				CLANG_WARN_BLOCK_CAPTURE_AUTORELEASING = YES;
				CLANG_WARN_BOOL_CONVERSION = YES;
				CLANG_WARN_COMMA = YES;
				CLANG_WARN_CONSTANT_CONVERSION = YES;
				CLANG_WARN_DEPRECATED_OBJC_IMPLEMENTATIONS = YES;
				CLANG_WARN_DIRECT_OBJC_ISA_USAGE = YES_ERROR;
				CLANG_WARN_DOCUMENTATION_COMMENTS = YES;
				CLANG_WARN_EMPTY_BODY = YES;
				CLANG_WARN_ENUM_CONVERSION = YES;
				CLANG_WARN_INFINITE_RECURSION = YES;
				CLANG_WARN_INT_CONVERSION = YES;
				CLANG_WARN_NON_LITERAL_NULL_CONVERSION = YES;
				CLANG_WARN_OBJC_IMPLICIT_RETAIN_SELF = YES;
				CLANG_WARN_OBJC_LITERAL_CONVERSION = YES;
				CLANG_WARN_OBJC_ROOT_CLASS = YES_ERROR;
				CLANG_WARN_QUOTED_INCLUDE_IN_FRAMEWORK_HEADER = YES;
				CLANG_WARN_RANGE_LOOP_ANALYSIS = YES;
				CLANG_WARN_STRICT_PROTOTYPES = YES;
				CLANG_WARN_SUSPICIOUS_MOVE = YES;
				CLANG_WARN_UNGUARDED_AVAILABILITY = YES_AGGRESSIVE;
				CLANG_WARN_UNREACHABLE_CODE = YES;
				CLANG_WARN__DUPLICATE_METHOD_MATCH = YES;
				COPY_PHASE_STRIP = NO;
				DEBUG_INFORMATION_FORMAT = "dwarf-with-dsym";
				ENABLE_NS_ASSERTIONS = NO;
				ENABLE_STRICT_OBJC_MSGSEND = YES;
				ENABLE_USER_SCRIPT_SANDBOXING = YES;
				GCC_C_LANGUAGE_STANDARD = gnu17;
				GCC_NO_COMMON_BLOCKS = YES;
				GCC_WARN_64_TO_32_BIT_CONVERSION = YES;
				GCC_WARN_ABOUT_RETURN_TYPE = YES_ERROR;
				GCC_WARN_UNDECLARED_SELECTOR = YES;
				GCC_WARN_UNINITIALIZED_AUTOS = YES_AGGRESSIVE;
				GCC_WARN_UNUSED_FUNCTION = YES;
				GCC_WARN_UNUSED_VARIABLE = YES;
				IPHONEOS_DEPLOYMENT_TARGET = 17.5;
				LOCALIZATION_PREFERS_STRING_CATALOGS = YES;
				MTL_ENABLE_DEBUG_INFO = NO;
				MTL_FAST_MATH = YES;
				SDKROOT = iphoneos;
				SWIFT_COMPILATION_MODE = wholemodule;
				VALIDATE_PRODUCT = YES;
			};
			name = Release;
		};
		88AD423C2D9C4B8A0093C03B /* Debug */ = {
			isa = XCBuildConfiguration;
			buildSettings = {
				ASSETCATALOG_COMPILER_APPICON_NAME = AppIcon;
				ASSETCATALOG_COMPILER_GLOBAL_ACCENT_COLOR_NAME = AccentColor;
				CODE_SIGN_STYLE = Automatic;
				CURRENT_PROJECT_VERSION = 1;
				GENERATE_INFOPLIST_FILE = YES;
				INFOPLIST_FILE = "Quiz App/Info.plist";
				INFOPLIST_KEY_UIApplicationSupportsIndirectInputEvents = YES;
				INFOPLIST_KEY_UILaunchStoryboardName = LaunchScreen;
				INFOPLIST_KEY_UIMainStoryboardFile = Main;
				INFOPLIST_KEY_UISupportedInterfaceOrientations_iPad = "UIInterfaceOrientationPortrait UIInterfaceOrientationPortraitUpsideDown UIInterfaceOrientationLandscapeLeft UIInterfaceOrientationLandscapeRight";
				INFOPLIST_KEY_UISupportedInterfaceOrientations_iPhone = "UIInterfaceOrientationPortrait UIInterfaceOrientationLandscapeLeft UIInterfaceOrientationLandscapeRight";
				LD_RUNPATH_SEARCH_PATHS = (
					"$(inherited)",
					"@executable_path/Frameworks",
				);
				MARKETING_VERSION = 1.0;
				PRODUCT_BUNDLE_IDENTIFIER = "com.humber.Quiz-App";
				PRODUCT_NAME = "$(TARGET_NAME)";
				SWIFT_EMIT_LOC_STRINGS = YES;
				SWIFT_VERSION = 5.0;
				TARGETED_DEVICE_FAMILY = "1,2";
			};
			name = Debug;
		};
		88AD423D2D9C4B8A0093C03B /* Release */ = {
			isa = XCBuildConfiguration;
			buildSettings = {
				ASSETCATALOG_COMPILER_APPICON_NAME = AppIcon;
				ASSETCATALOG_COMPILER_GLOBAL_ACCENT_COLOR_NAME = AccentColor;
				CODE_SIGN_STYLE = Automatic;
				CURRENT_PROJECT_VERSION = 1;
				GENERATE_INFOPLIST_FILE = YES;
				INFOPLIST_FILE = "Quiz App/Info.plist";
				INFOPLIST_KEY_UIApplicationSupportsIndirectInputEvents = YES;
				INFOPLIST_KEY_UILaunchStoryboardName = LaunchScreen;
				INFOPLIST_KEY_UIMainStoryboardFile = Main;
				INFOPLIST_KEY_UISupportedInterfaceOrientations_iPad = "UIInterfaceOrientationPortrait UIInterfaceOrientationPortraitUpsideDown UIInterfaceOrientationLandscapeLeft UIInterfaceOrientationLandscapeRight";
				INFOPLIST_KEY_UISupportedInterfaceOrientations_iPhone = "UIInterfaceOrientationPortrait UIInterfaceOrientationLandscapeLeft UIInterfaceOrientationLandscapeRight";
				LD_RUNPATH_SEARCH_PATHS = (
					"$(inherited)",
					"@executable_path/Frameworks",
				);
				MARKETING_VERSION = 1.0;
				PRODUCT_BUNDLE_IDENTIFIER = "com.humber.Quiz-App";
				PRODUCT_NAME = "$(TARGET_NAME)";
				SWIFT_EMIT_LOC_STRINGS = YES;
				SWIFT_VERSION = 5.0;
				TARGETED_DEVICE_FAMILY = "1,2";
			};
			name = Release;
		};
/* End XCBuildConfiguration section */

/* Begin XCConfigurationList section */
		88AD42222D9C4B890093C03B /* Build configuration list for PBXProject "Quiz App" */ = {
			isa = XCConfigurationList;
			buildConfigurations = (
				88AD42392D9C4B8A0093C03B /* Debug */,
				88AD423A2D9C4B8A0093C03B /* Release */,
			);
			defaultConfigurationIsVisible = 0;
			defaultConfigurationName = Release;
		};
		88AD423B2D9C4B8A0093C03B /* Build configuration list for PBXNativeTarget "Quiz App" */ = {
			isa = XCConfigurationList;
			buildConfigurations = (
				88AD423C2D9C4B8A0093C03B /* Debug */,
				88AD423D2D9C4B8A0093C03B /* Release */,
			);
			defaultConfigurationIsVisible = 0;
			defaultConfigurationName = Release;
		};
/* End XCConfigurationList section */
	};
	rootObject = 88AD421F2D9C4B890093C03B /* Project object */;
}
